
Microsoft Visual Studio Solution File, Format Version 10.00
# Visual Studio 2008
Project("{8BC9CEB8-8B4A-11D0-8D11-00A0C91BC942}") = "29.) Terrain Pt.2 - Waving Grass", "29.) Terrain Pt.2 - Waving Grass\29.) Terrain Pt.2 - Waving Grass.vcproj", "{6BEA5EF1-A779-44D4-BAB1-2E924FFE3185}"
EndProject
Global
	GlobalSection(SolutionConfigurationPlatforms) = preSolution
		Debug|Win32 = Debug|Win32
		Release|Win32 = Release|Win32
	EndGlobalSection
	GlobalSection(ProjectConfigurationPlatforms) = postSolution
		{6BEA5EF1-A779-44D4-BAB1-2E924FFE3185}.Debug|Win32.ActiveCfg = Debug|Win32
		{6BEA5EF1-A779-44D4-BAB1-2E924FFE3185}.Debug|Win32.Build.0 = Debug|Win32
		{6BEA5EF1-A779-44D4-BAB1-2E924FFE3185}.Release|Win32.ActiveCfg = Release|Win32
		{6BEA5EF1-A779-44D4-BAB1-2E924FFE3185}.Release|Win32.Build.0 = Release|Win32
	EndGlobalSection
	GlobalSection(SolutionProperties) = preSolution
		HideSolutionNode = FALSE
	EndGlobalSection
EndGlobal
