
Microsoft Visual Studio Solution File, Format Version 10.00
# Visual Studio 2008
Project("{8BC9CEB8-8B4A-11D0-8D11-00A0C91BC942}") = "24.) Animation Pt. 1 - Keyframe MD2", "24.) Animation Pt. 1 - Keyframe MD2\24.) Animation Pt. 1 - Keyframe MD2.vcproj", "{F1F1A066-3750-4424-9DC1-1BC7215082FD}"
EndProject
Global
	GlobalSection(SolutionConfigurationPlatforms) = preSolution
		Debug|Win32 = Debug|Win32
		Release|Win32 = Release|Win32
	EndGlobalSection
	GlobalSection(ProjectConfigurationPlatforms) = postSolution
		{F1F1A066-3750-4424-9DC1-1BC7215082FD}.Debug|Win32.ActiveCfg = Debug|Win32
		{F1F1A066-3750-4424-9DC1-1BC7215082FD}.Debug|Win32.Build.0 = Debug|Win32
		{F1F1A066-3750-4424-9DC1-1BC7215082FD}.Release|Win32.ActiveCfg = Release|Win32
		{F1F1A066-3750-4424-9DC1-1BC7215082FD}.Release|Win32.Build.0 = Release|Win32
	EndGlobalSection
	GlobalSection(SolutionProperties) = preSolution
		HideSolutionNode = FALSE
	EndGlobalSection
EndGlobal
