
Microsoft Visual Studio Solution File, Format Version 10.00
# Visual Studio 2008
Project("{8BC9CEB8-8B4A-11D0-8D11-00A0C91BC942}") = "05.) Indexed Drawing", "05.) Indexed Drawing\05.) Indexed Drawing.vcproj", "{DAEE0F21-37A3-4479-B6F2-8AA878387F0C}"
EndProject
Global
	GlobalSection(SolutionConfigurationPlatforms) = preSolution
		Debug|Win32 = Debug|Win32
		Release|Win32 = Release|Win32
	EndGlobalSection
	GlobalSection(ProjectConfigurationPlatforms) = postSolution
		{DAEE0F21-37A3-4479-B6F2-8AA878387F0C}.Debug|Win32.ActiveCfg = Debug|Win32
		{DAEE0F21-37A3-4479-B6F2-8AA878387F0C}.Debug|Win32.Build.0 = Debug|Win32
		{DAEE0F21-37A3-4479-B6F2-8AA878387F0C}.Release|Win32.ActiveCfg = Release|Win32
		{DAEE0F21-37A3-4479-B6F2-8AA878387F0C}.Release|Win32.Build.0 = Release|Win32
	EndGlobalSection
	GlobalSection(SolutionProperties) = preSolution
		HideSolutionNode = FALSE
	EndGlobalSection
EndGlobal
