
Microsoft Visual Studio Solution File, Format Version 10.00
# Visual Studio 2008
Project("{8BC9CEB8-8B4A-11D0-8D11-00A0C91BC942}") = "07.) Blending Basics", "07.) Blending Basics\07.) Blending Basics.vcproj", "{09289429-DB2D-41E9-8A2C-72C9CBAA79AE}"
EndProject
Global
	GlobalSection(SolutionConfigurationPlatforms) = preSolution
		Debug|Win32 = Debug|Win32
		Release|Win32 = Release|Win32
	EndGlobalSection
	GlobalSection(ProjectConfigurationPlatforms) = postSolution
		{09289429-DB2D-41E9-8A2C-72C9CBAA79AE}.Debug|Win32.ActiveCfg = Debug|Win32
		{09289429-DB2D-41E9-8A2C-72C9CBAA79AE}.Debug|Win32.Build.0 = Debug|Win32
		{09289429-DB2D-41E9-8A2C-72C9CBAA79AE}.Release|Win32.ActiveCfg = Release|Win32
		{09289429-DB2D-41E9-8A2C-72C9CBAA79AE}.Release|Win32.Build.0 = Release|Win32
	EndGlobalSection
	GlobalSection(SolutionProperties) = preSolution
		HideSolutionNode = FALSE
	EndGlobalSection
EndGlobal
