
Microsoft Visual Studio Solution File, Format Version 10.00
# Visual Studio 2008
Project("{8BC9CEB8-8B4A-11D0-8D11-00A0C91BC942}") = "22.) Specular Lighting", "22.) Specular Lighting\22.) Specular Lighting.vcproj", "{B6FBA29C-D2C0-4116-BCA7-347392693948}"
EndProject
Global
	GlobalSection(SolutionConfigurationPlatforms) = preSolution
		Debug|Win32 = Debug|Win32
		Release|Win32 = Release|Win32
	EndGlobalSection
	GlobalSection(ProjectConfigurationPlatforms) = postSolution
		{B6FBA29C-D2C0-4116-BCA7-347392693948}.Debug|Win32.ActiveCfg = Debug|Win32
		{B6FBA29C-D2C0-4116-BCA7-347392693948}.Debug|Win32.Build.0 = Debug|Win32
		{B6FBA29C-D2C0-4116-BCA7-347392693948}.Release|Win32.ActiveCfg = Release|Win32
		{B6FBA29C-D2C0-4116-BCA7-347392693948}.Release|Win32.Build.0 = Release|Win32
	EndGlobalSection
	GlobalSection(SolutionProperties) = preSolution
		HideSolutionNode = FALSE
	EndGlobalSection
EndGlobal
