
Microsoft Visual Studio Solution File, Format Version 10.00
# Visual Studio 2008
Project("{8BC9CEB8-8B4A-11D0-8D11-00A0C91BC942}") = "27.) Occlusion Query", "27.) Occlusion Query\27.) Occlusion Query.vcproj", "{93D15F5F-D0BC-4D27-A172-74AB6D41EB14}"
EndProject
Global
	GlobalSection(SolutionConfigurationPlatforms) = preSolution
		Debug|Win32 = Debug|Win32
		Release|Win32 = Release|Win32
	EndGlobalSection
	GlobalSection(ProjectConfigurationPlatforms) = postSolution
		{93D15F5F-D0BC-4D27-A172-74AB6D41EB14}.Debug|Win32.ActiveCfg = Debug|Win32
		{93D15F5F-D0BC-4D27-A172-74AB6D41EB14}.Debug|Win32.Build.0 = Debug|Win32
		{93D15F5F-D0BC-4D27-A172-74AB6D41EB14}.Release|Win32.ActiveCfg = Release|Win32
		{93D15F5F-D0BC-4D27-A172-74AB6D41EB14}.Release|Win32.Build.0 = Release|Win32
	EndGlobalSection
	GlobalSection(SolutionProperties) = preSolution
		HideSolutionNode = FALSE
	EndGlobalSection
EndGlobal
